Microsoft Visual Studio Solution File, Format Version 12.00
# Visual Studio Version 17
VisualStudioVersion = 17.5.002.0
MinimumVisualStudioVersion = 10.0.40219.1
Project("{9A19103F-16F7-4668-BE54-9A1E7A4F7556}") = "csharp", "csharp.csproj", "{D89F1B16-AAC1-42A0-8419-354D3E81ED2D}"
EndProject
Global
	GlobalSection(SolutionConfigurationPlatforms) = preSolution
		Debug|Any CPU = Debug|Any CPU
		Release|Any CPU = Release|Any CPU
	EndGlobalSection
	GlobalSection(ProjectConfigurationPlatforms) = postSolution
		{D89F1B16-AAC1-42A0-8419-354D3E81ED2D}.Debug|Any CPU.ActiveCfg = Debug|Any CPU
		{D89F1B16-AAC1-42A0-8419-354D3E81ED2D}.Debug|Any CPU.Build.0 = Debug|Any CPU
		{D89F1B16-AAC1-42A0-8419-354D3E81ED2D}.Release|Any CPU.ActiveCfg = Release|Any CPU
		{D89F1B16-AAC1-42A0-8419-354D3E81ED2D}.Release|Any CPU.Build.0 = Release|Any CPU
	EndGlobalSection
	GlobalSection(SolutionProperties) = preSolution
		HideSolutionNode = FALSE
	EndGlobalSection
	GlobalSection(ExtensibilityGlobals) = postSolution
		SolutionGuid = {950AEF9C-7A49-4E04-897F-BCD263399D94}
	EndGlobalSection
EndGlobal